
Microsoft Visual Studio Solution File, Format Version 12.00
# Visual Studio Version 17
VisualStudioVersion = 17.0.31903.59
MinimumVisualStudioVersion = 10.0.40219.1
Project("{FAE04EC0-301F-11D3-BF4B-00C04F79EFBC}") = "RecoverySystem.API", "RecoverySystem.API\RecoverySystem.API.csproj", "{A38065B3-DA5B-4D6C-A03A-76ECA540C833}"
EndProject
Project("{FAE04EC0-301F-11D3-BF4B-00C04F79EFBC}") = "RecoverySystem.Domain", "RecoverySystem.Domain\RecoverySystem.Domain.csproj", "{0A6FCCF0-7005-47F4-949A-CDDB06852854}"
EndProject
Global
	GlobalSection(SolutionConfigurationPlatforms) = preSolution
		Debug|Any CPU = Debug|Any CPU
		Release|Any CPU = Release|Any CPU
	EndGlobalSection
	GlobalSection(SolutionProperties) = preSolution
		HideSolutionNode = FALSE
	EndGlobalSection
	GlobalSection(ProjectConfigurationPlatforms) = postSolution
		{A38065B3-DA5B-4D6C-A03A-76ECA540C833}.Debug|Any CPU.ActiveCfg = Debug|Any CPU
		{A38065B3-DA5B-4D6C-A03A-76ECA540C833}.Debug|Any CPU.Build.0 = Debug|Any CPU
		{A38065B3-DA5B-4D6C-A03A-76ECA540C833}.Release|Any CPU.ActiveCfg = Release|Any CPU
		{A38065B3-DA5B-4D6C-A03A-76ECA540C833}.Release|Any CPU.Build.0 = Release|Any CPU
		{0A6FCCF0-7005-47F4-949A-CDDB06852854}.Debug|Any CPU.ActiveCfg = Debug|Any CPU
		{0A6FCCF0-7005-47F4-949A-CDDB06852854}.Debug|Any CPU.Build.0 = Debug|Any CPU
		{0A6FCCF0-7005-47F4-949A-CDDB06852854}.Release|Any CPU.ActiveCfg = Release|Any CPU
		{0A6FCCF0-7005-47F4-949A-CDDB06852854}.Release|Any CPU.Build.0 = Release|Any CPU
	EndGlobalSection
EndGlobal
